
Microsoft Visual Studio Solution File, Format Version 12.00
# Visual Studio 14
VisualStudioVersion = 14.0.25420.1
MinimumVisualStudioVersion = 10.0.40219.1
Project("{8BC9CEB8-8B4A-11D0-8D11-00A0C91BC942}") = "SDLBrowser", "SDLBrowser.vcxproj", "{A07B436F-D87A-45FE-9A3E-9B756AB8DB11}"
EndProject
Project("{8BC9CEB8-8B4A-11D0-8D11-00A0C91BC942}") = "litehtml", "libs\litehtml\src\litehtml.vcxproj", "{5EEE68E7-3CB0-4ADB-AF72-4C0BB01F0B18}"
EndProject
Global
	GlobalSection(SolutionConfigurationPlatforms) = preSolution
		Debug|x64 = Debug|x64
		Debug|x86 = Debug|x86
		Debug-UTF8|x64 = Debug-UTF8|x64
		Debug-UTF8|x86 = Debug-UTF8|x86
		Release|x64 = Release|x64
		Release|x86 = Release|x86
		Release-UTF8|x64 = Release-UTF8|x64
		Release-UTF8|x86 = Release-UTF8|x86
	EndGlobalSection
	GlobalSection(ProjectConfigurationPlatforms) = postSolution
		{A07B436F-D87A-45FE-9A3E-9B756AB8DB11}.Debug|x64.ActiveCfg = Debug|x64
		{A07B436F-D87A-45FE-9A3E-9B756AB8DB11}.Debug|x64.Build.0 = Debug|x64
		{A07B436F-D87A-45FE-9A3E-9B756AB8DB11}.Debug|x86.ActiveCfg = Debug|Win32
		{A07B436F-D87A-45FE-9A3E-9B756AB8DB11}.Debug|x86.Build.0 = Debug|Win32
		{A07B436F-D87A-45FE-9A3E-9B756AB8DB11}.Debug-UTF8|x64.ActiveCfg = Debug|x64
		{A07B436F-D87A-45FE-9A3E-9B756AB8DB11}.Debug-UTF8|x64.Build.0 = Debug|x64
		{A07B436F-D87A-45FE-9A3E-9B756AB8DB11}.Debug-UTF8|x86.ActiveCfg = Debug|Win32
		{A07B436F-D87A-45FE-9A3E-9B756AB8DB11}.Debug-UTF8|x86.Build.0 = Debug|Win32
		{A07B436F-D87A-45FE-9A3E-9B756AB8DB11}.Release|x64.ActiveCfg = Release|x64
		{A07B436F-D87A-45FE-9A3E-9B756AB8DB11}.Release|x64.Build.0 = Release|x64
		{A07B436F-D87A-45FE-9A3E-9B756AB8DB11}.Release|x86.ActiveCfg = Release|Win32
		{A07B436F-D87A-45FE-9A3E-9B756AB8DB11}.Release|x86.Build.0 = Release|Win32
		{A07B436F-D87A-45FE-9A3E-9B756AB8DB11}.Release-UTF8|x64.ActiveCfg = Release|x64
		{A07B436F-D87A-45FE-9A3E-9B756AB8DB11}.Release-UTF8|x64.Build.0 = Release|x64
		{A07B436F-D87A-45FE-9A3E-9B756AB8DB11}.Release-UTF8|x86.ActiveCfg = Release|Win32
		{A07B436F-D87A-45FE-9A3E-9B756AB8DB11}.Release-UTF8|x86.Build.0 = Release|Win32
		{5EEE68E7-3CB0-4ADB-AF72-4C0BB01F0B18}.Debug|x64.ActiveCfg = Debug|x64
		{5EEE68E7-3CB0-4ADB-AF72-4C0BB01F0B18}.Debug|x64.Build.0 = Debug|x64
		{5EEE68E7-3CB0-4ADB-AF72-4C0BB01F0B18}.Debug|x86.ActiveCfg = Debug|Win32
		{5EEE68E7-3CB0-4ADB-AF72-4C0BB01F0B18}.Debug|x86.Build.0 = Debug|Win32
		{5EEE68E7-3CB0-4ADB-AF72-4C0BB01F0B18}.Debug-UTF8|x64.ActiveCfg = Debug-UTF8|x64
		{5EEE68E7-3CB0-4ADB-AF72-4C0BB01F0B18}.Debug-UTF8|x64.Build.0 = Debug-UTF8|x64
		{5EEE68E7-3CB0-4ADB-AF72-4C0BB01F0B18}.Debug-UTF8|x86.ActiveCfg = Debug-UTF8|Win32
		{5EEE68E7-3CB0-4ADB-AF72-4C0BB01F0B18}.Debug-UTF8|x86.Build.0 = Debug-UTF8|Win32
		{5EEE68E7-3CB0-4ADB-AF72-4C0BB01F0B18}.Release|x64.ActiveCfg = Release|x64
		{5EEE68E7-3CB0-4ADB-AF72-4C0BB01F0B18}.Release|x64.Build.0 = Release|x64
		{5EEE68E7-3CB0-4ADB-AF72-4C0BB01F0B18}.Release|x86.ActiveCfg = Release|Win32
		{5EEE68E7-3CB0-4ADB-AF72-4C0BB01F0B18}.Release|x86.Build.0 = Release|Win32
		{5EEE68E7-3CB0-4ADB-AF72-4C0BB01F0B18}.Release-UTF8|x64.ActiveCfg = Release-UTF8|x64
		{5EEE68E7-3CB0-4ADB-AF72-4C0BB01F0B18}.Release-UTF8|x64.Build.0 = Release-UTF8|x64
		{5EEE68E7-3CB0-4ADB-AF72-4C0BB01F0B18}.Release-UTF8|x86.ActiveCfg = Release-UTF8|Win32
		{5EEE68E7-3CB0-4ADB-AF72-4C0BB01F0B18}.Release-UTF8|x86.Build.0 = Release-UTF8|Win32
	EndGlobalSection
	GlobalSection(SolutionProperties) = preSolution
		HideSolutionNode = FALSE
	EndGlobalSection
EndGlobal
